
Microsoft Visual Studio Solution File, Format Version 12.00
# Visual Studio Version 16
VisualStudioVersion = 16.0.31019.35
MinimumVisualStudioVersion = 10.0.40219.1
Project("{9A19103F-16F7-4668-BE54-9A1E7A4F7556}") = "EventhubSampleReader", "EventhubSampleReader\EventhubSampleReader.csproj", "{EFD51CA6-B043-4354-A372-23CA700397A0}"
EndProject
Project("{9A19103F-16F7-4668-BE54-9A1E7A4F7556}") = "EventhubSampleWriter", "EventhubSampleWriter\EventhubSampleWriter.csproj", "{E4F00989-A7A3-4327-887D-773190809619}"
EndProject
Project("{2150E333-8FDC-42A3-9474-1A3956D46DE8}") = "Terraform", "Terraform", "{3D38C089-43E5-44AC-8FCD-D72101F7F606}"
EndProject
Project("{2150E333-8FDC-42A3-9474-1A3956D46DE8}") = "src", "src", "{4D1441B8-1B43-4A42-816A-6B341EF0160A}"
EndProject
Global
	GlobalSection(SolutionConfigurationPlatforms) = preSolution
		Debug|Any CPU = Debug|Any CPU
		Release|Any CPU = Release|Any CPU
	EndGlobalSection
	GlobalSection(ProjectConfigurationPlatforms) = postSolution
		{EFD51CA6-B043-4354-A372-23CA700397A0}.Debug|Any CPU.ActiveCfg = Debug|Any CPU
		{EFD51CA6-B043-4354-A372-23CA700397A0}.Debug|Any CPU.Build.0 = Debug|Any CPU
		{EFD51CA6-B043-4354-A372-23CA700397A0}.Release|Any CPU.ActiveCfg = Release|Any CPU
		{EFD51CA6-B043-4354-A372-23CA700397A0}.Release|Any CPU.Build.0 = Release|Any CPU
		{E4F00989-A7A3-4327-887D-773190809619}.Debug|Any CPU.ActiveCfg = Debug|Any CPU
		{E4F00989-A7A3-4327-887D-773190809619}.Debug|Any CPU.Build.0 = Debug|Any CPU
		{E4F00989-A7A3-4327-887D-773190809619}.Release|Any CPU.ActiveCfg = Release|Any CPU
		{E4F00989-A7A3-4327-887D-773190809619}.Release|Any CPU.Build.0 = Release|Any CPU
	EndGlobalSection
	GlobalSection(SolutionProperties) = preSolution
		HideSolutionNode = FALSE
	EndGlobalSection
	GlobalSection(NestedProjects) = preSolution
		{EFD51CA6-B043-4354-A372-23CA700397A0} = {4D1441B8-1B43-4A42-816A-6B341EF0160A}
		{E4F00989-A7A3-4327-887D-773190809619} = {4D1441B8-1B43-4A42-816A-6B341EF0160A}
	EndGlobalSection
	GlobalSection(ExtensibilityGlobals) = postSolution
		SolutionGuid = {180930ED-ABEB-46E3-B976-EA532DAACB91}
	EndGlobalSection
EndGlobal
